
Microsoft Visual Studio Solution File, Format Version 12.00
# Visual Studio 15
VisualStudioVersion = 15.0.27428.2015
MinimumVisualStudioVersion = 10.0.40219.1
Project("{FAE04EC0-301F-11D3-BF4B-00C04F79EFBC}") = "MyFirstMVCApplication", "MyFirstMVCApplication\MyFirstMVCApplication.csproj", "{FDC3928F-3AB3-4E0F-862A-B239F68A4E67}"
EndProject
Project("{FAE04EC0-301F-11D3-BF4B-00C04F79EFBC}") = "MyFirstMVCApplication.Tests", "MyFirstMVCApplication.Tests\MyFirstMVCApplication.Tests.csproj", "{9CF26EEC-036E-4065-9833-4E10BA58073E}"
EndProject
Global
	GlobalSection(SolutionConfigurationPlatforms) = preSolution
		Debug|Any CPU = Debug|Any CPU
		Release|Any CPU = Release|Any CPU
	EndGlobalSection
	GlobalSection(ProjectConfigurationPlatforms) = postSolution
		{FDC3928F-3AB3-4E0F-862A-B239F68A4E67}.Debug|Any CPU.ActiveCfg = Debug|Any CPU
		{FDC3928F-3AB3-4E0F-862A-B239F68A4E67}.Debug|Any CPU.Build.0 = Debug|Any CPU
		{FDC3928F-3AB3-4E0F-862A-B239F68A4E67}.Release|Any CPU.ActiveCfg = Release|Any CPU
		{FDC3928F-3AB3-4E0F-862A-B239F68A4E67}.Release|Any CPU.Build.0 = Release|Any CPU
		{9CF26EEC-036E-4065-9833-4E10BA58073E}.Debug|Any CPU.ActiveCfg = Debug|Any CPU
		{9CF26EEC-036E-4065-9833-4E10BA58073E}.Debug|Any CPU.Build.0 = Debug|Any CPU
		{9CF26EEC-036E-4065-9833-4E10BA58073E}.Release|Any CPU.ActiveCfg = Release|Any CPU
		{9CF26EEC-036E-4065-9833-4E10BA58073E}.Release|Any CPU.Build.0 = Release|Any CPU
	EndGlobalSection
	GlobalSection(SolutionProperties) = preSolution
		HideSolutionNode = FALSE
	EndGlobalSection
	GlobalSection(ExtensibilityGlobals) = postSolution
		SolutionGuid = {7411346B-724D-4087-A8CE-15152059DC0F}
	EndGlobalSection
EndGlobal
